
Microsoft Visual Studio Solution File, Format Version 11.00
# Visual Studio 2010
Project("{FAE04EC0-301F-11D3-BF4B-00C04F79EFBC}") = "BillomatNet", "BillomatNet\BillomatNet.csproj", "{3B4320BE-50D7-40CF-BEAF-6E7AA27ACA89}"
EndProject
Project("{FAE04EC0-301F-11D3-BF4B-00C04F79EFBC}") = "WireCardNet", "WireCardNet\WireCardNet.csproj", "{E1434C8D-3A01-4AC3-908C-B94253B1D784}"
EndProject
Global
	GlobalSection(SolutionConfigurationPlatforms) = preSolution
		Debug|Any CPU = Debug|Any CPU
		Debug|Mixed Platforms = Debug|Mixed Platforms
		Debug|x86 = Debug|x86
		Release|Any CPU = Release|Any CPU
		Release|Mixed Platforms = Release|Mixed Platforms
		Release|x86 = Release|x86
	EndGlobalSection
	GlobalSection(ProjectConfigurationPlatforms) = postSolution
		{3B4320BE-50D7-40CF-BEAF-6E7AA27ACA89}.Debug|Any CPU.ActiveCfg = Debug|Any CPU
		{3B4320BE-50D7-40CF-BEAF-6E7AA27ACA89}.Debug|Any CPU.Build.0 = Debug|Any CPU
		{3B4320BE-50D7-40CF-BEAF-6E7AA27ACA89}.Debug|Mixed Platforms.ActiveCfg = Debug|Any CPU
		{3B4320BE-50D7-40CF-BEAF-6E7AA27ACA89}.Debug|Mixed Platforms.Build.0 = Debug|Any CPU
		{3B4320BE-50D7-40CF-BEAF-6E7AA27ACA89}.Debug|x86.ActiveCfg = Debug|Any CPU
		{3B4320BE-50D7-40CF-BEAF-6E7AA27ACA89}.Release|Any CPU.ActiveCfg = Release|Any CPU
		{3B4320BE-50D7-40CF-BEAF-6E7AA27ACA89}.Release|Any CPU.Build.0 = Release|Any CPU
		{3B4320BE-50D7-40CF-BEAF-6E7AA27ACA89}.Release|Mixed Platforms.ActiveCfg = Release|Any CPU
		{3B4320BE-50D7-40CF-BEAF-6E7AA27ACA89}.Release|Mixed Platforms.Build.0 = Release|Any CPU
		{3B4320BE-50D7-40CF-BEAF-6E7AA27ACA89}.Release|x86.ActiveCfg = Release|Any CPU
		{E1434C8D-3A01-4AC3-908C-B94253B1D784}.Debug|Any CPU.ActiveCfg = Debug|Any CPU
		{E1434C8D-3A01-4AC3-908C-B94253B1D784}.Debug|Any CPU.Build.0 = Debug|Any CPU
		{E1434C8D-3A01-4AC3-908C-B94253B1D784}.Debug|Mixed Platforms.ActiveCfg = Debug|Any CPU
		{E1434C8D-3A01-4AC3-908C-B94253B1D784}.Debug|Mixed Platforms.Build.0 = Debug|Any CPU
		{E1434C8D-3A01-4AC3-908C-B94253B1D784}.Debug|x86.ActiveCfg = Debug|Any CPU
		{E1434C8D-3A01-4AC3-908C-B94253B1D784}.Release|Any CPU.ActiveCfg = Release|Any CPU
		{E1434C8D-3A01-4AC3-908C-B94253B1D784}.Release|Any CPU.Build.0 = Release|Any CPU
		{E1434C8D-3A01-4AC3-908C-B94253B1D784}.Release|Mixed Platforms.ActiveCfg = Release|Any CPU
		{E1434C8D-3A01-4AC3-908C-B94253B1D784}.Release|Mixed Platforms.Build.0 = Release|Any CPU
		{E1434C8D-3A01-4AC3-908C-B94253B1D784}.Release|x86.ActiveCfg = Release|Any CPU
	EndGlobalSection
	GlobalSection(SolutionProperties) = preSolution
		HideSolutionNode = FALSE
	EndGlobalSection
EndGlobal
