
Microsoft Visual Studio Solution File, Format Version 12.00
# Visual Studio 2012
Project("{FAE04EC0-301F-11D3-BF4B-00C04F79EFBC}") = "WireCardNet", "WireCardNet\WireCardNet.csproj", "{E1434C8D-3A01-4AC3-908C-B94253B1D784}"
EndProject
Project("{FAE04EC0-301F-11D3-BF4B-00C04F79EFBC}") = "Sample", "Sample\Sample.csproj", "{41B088A1-D978-4544-94D2-6A25C1391B24}"
EndProject
Global
	GlobalSection(SolutionConfigurationPlatforms) = preSolution
		Debug|Any CPU = Debug|Any CPU
		Debug|Mixed Platforms = Debug|Mixed Platforms
		Debug|x86 = Debug|x86
		Release|Any CPU = Release|Any CPU
		Release|Mixed Platforms = Release|Mixed Platforms
		Release|x86 = Release|x86
	EndGlobalSection
	GlobalSection(ProjectConfigurationPlatforms) = postSolution
		{E1434C8D-3A01-4AC3-908C-B94253B1D784}.Debug|Any CPU.ActiveCfg = Debug|Any CPU
		{E1434C8D-3A01-4AC3-908C-B94253B1D784}.Debug|Any CPU.Build.0 = Debug|Any CPU
		{E1434C8D-3A01-4AC3-908C-B94253B1D784}.Debug|Mixed Platforms.ActiveCfg = Debug|Any CPU
		{E1434C8D-3A01-4AC3-908C-B94253B1D784}.Debug|Mixed Platforms.Build.0 = Debug|Any CPU
		{E1434C8D-3A01-4AC3-908C-B94253B1D784}.Debug|x86.ActiveCfg = Debug|Any CPU
		{E1434C8D-3A01-4AC3-908C-B94253B1D784}.Release|Any CPU.ActiveCfg = Release|Any CPU
		{E1434C8D-3A01-4AC3-908C-B94253B1D784}.Release|Any CPU.Build.0 = Release|Any CPU
		{E1434C8D-3A01-4AC3-908C-B94253B1D784}.Release|Mixed Platforms.ActiveCfg = Release|Any CPU
		{E1434C8D-3A01-4AC3-908C-B94253B1D784}.Release|Mixed Platforms.Build.0 = Release|Any CPU
		{E1434C8D-3A01-4AC3-908C-B94253B1D784}.Release|x86.ActiveCfg = Release|Any CPU
		{41B088A1-D978-4544-94D2-6A25C1391B24}.Debug|Any CPU.ActiveCfg = Debug|Any CPU
		{41B088A1-D978-4544-94D2-6A25C1391B24}.Debug|Any CPU.Build.0 = Debug|Any CPU
		{41B088A1-D978-4544-94D2-6A25C1391B24}.Debug|Mixed Platforms.ActiveCfg = Debug|Any CPU
		{41B088A1-D978-4544-94D2-6A25C1391B24}.Debug|Mixed Platforms.Build.0 = Debug|Any CPU
		{41B088A1-D978-4544-94D2-6A25C1391B24}.Debug|x86.ActiveCfg = Debug|Any CPU
		{41B088A1-D978-4544-94D2-6A25C1391B24}.Release|Any CPU.ActiveCfg = Release|Any CPU
		{41B088A1-D978-4544-94D2-6A25C1391B24}.Release|Any CPU.Build.0 = Release|Any CPU
		{41B088A1-D978-4544-94D2-6A25C1391B24}.Release|Mixed Platforms.ActiveCfg = Release|Any CPU
		{41B088A1-D978-4544-94D2-6A25C1391B24}.Release|Mixed Platforms.Build.0 = Release|Any CPU
		{41B088A1-D978-4544-94D2-6A25C1391B24}.Release|x86.ActiveCfg = Release|Any CPU
	EndGlobalSection
	GlobalSection(SolutionProperties) = preSolution
		HideSolutionNode = FALSE
	EndGlobalSection
EndGlobal
